{
  "name": "vueber-fire",
  "version": "0.0.1-alpha.0",
  "lockfileVersion": 1,
  "requires": true,
  "dependencies": {
    "@posva/vuefire-core": {
      "version": "2.2.0",
      "resolved": "https://registry.npmjs.org/@posva/vuefire-core/-/vuefire-core-2.2.0.tgz",
      "integrity": "sha512-A5fPZCL8P+0DcS5qEY3liaLzOCdDPpdGoW050VzxNueJZDHi1eLfzAEFi5ctxH5wx7r4erwX4MGekX3K5t2b9A=="
    },
    "vuefire": {
      "version": "2.2.0",
      "resolved": "https://registry.npmjs.org/vuefire/-/vuefire-2.2.0.tgz",
      "integrity": "sha512-C4VTbOfioRDezVWrtrXXSarUH+SPG9eA5KOo2S5AueIjjqkv6aUguT53yd6sHzjvi9iGILBK1Gt8B/rlUruKZg==",
      "requires": {
        "@posva/vuefire-core": "^2.2.0"
      }
    }
  }
}
